# This file is automatically @generated by Poetry 2.2.1 and should not be changed by hand.

[[package]]
name = "module1"
version = "1.1.0"
description = "Core shared module"
optional = false
python-versions = ">=3.12"
groups = ["main"]
files = []
develop = false

[package.source]
type = "git"
url = "https://github.com/abdullahtarek/python_component_versioning.git"
reference = "v1.1.0"
resolved_reference = "48e017e0eae1c88620b8de7c72df8ba8d3653b8d"
subdirectory = "module1"

[metadata]
lock-version = "2.1"
python-versions = ">=3.12"
content-hash = "16472c4d5fbc32043a5ce1d9583fa413551d079f0f14dbc60731dc40778e590e"
