# This file is automatically @generated by Poetry 2.2.1 and should not be changed by hand.

[[package]]
name = "module1"
version = "1.0.0"
description = "Core shared module"
optional = false
python-versions = ">=3.12"
groups = ["main"]
files = []
develop = false

[package.source]
type = "git"
url = "https://github.com/abdullahtarek/python_component_versioning.git"
reference = "v1.0.0"
resolved_reference = "54cf866c003f572895ad19df0768edee90f73db7"
subdirectory = "module1"

[metadata]
lock-version = "2.1"
python-versions = ">=3.12"
content-hash = "ba51a3b3667067f6e89cea536fdeee5edabe34b247b86645cf26da22bcac8560"
