# This file is automatically @generated by Poetry 2.2.1 and should not be changed by hand.

[[package]]
name = "module2"
version = "0.1.0"
description = "Module that uses module1"
optional = false
python-versions = ">=3.12"
groups = ["main"]
files = []
develop = false

[package.source]
type = "git"
url = "https://github.com/abdullahtarek/python_component_versioning.git"
reference = "HEAD"
resolved_reference = "54cf866c003f572895ad19df0768edee90f73db7"
subdirectory = "module2"

[metadata]
lock-version = "2.1"
python-versions = ">=3.12"
content-hash = "8296c5468bfbc692330f7c4f4a69b59f9f7e56d33fa6a6c8e89a50a0124eab7e"
