# This file is automatically @generated by Poetry 2.2.1 and should not be changed by hand.

[[package]]
name = "module1"
version = "1.0.0"
description = "Core shared module"
optional = false
python-versions = ">=3.12"
groups = ["main"]
files = []
develop = false

[package.source]
type = "git"
url = "https://github.com/abdullahtarek/python_component_versioning.git"
reference = "v1.0.0"
resolved_reference = "54cf866c003f572895ad19df0768edee90f73db7"
subdirectory = "module1"

[[package]]
name = "module2"
version = "0.1.0"
description = "Module that uses module1"
optional = false
python-versions = ">=3.12"
groups = ["main"]
files = []
develop = false

[package.source]
type = "git"
url = "https://github.com/abdullahtarek/python_component_versioning.git"
reference = "HEAD"
resolved_reference = "54cf866c003f572895ad19df0768edee90f73db7"
subdirectory = "module2"

[[package]]
name = "module3"
version = "0.1.0"
description = "Module3 that uses module1"
optional = false
python-versions = ">=3.12"
groups = ["main"]
files = []
develop = false

[package.dependencies]
module1 = {git = "https://github.com/abdullahtarek/python_component_versioning.git", rev = "v1.0.0", subdirectory = "module1"}

[package.source]
type = "git"
url = "https://github.com/abdullahtarek/python_component_versioning.git"
reference = "HEAD"
resolved_reference = "25ba7213ab72e5f2432b09ea2c848051578a2770"
subdirectory = "module3"

[metadata]
lock-version = "2.1"
python-versions = ">=3.12"
content-hash = "2d2ed0ba85064b317f43de9255454006f95e1a2d24527df433addc91a85d0900"
